
Microsoft Visual Studio Solution File, Format Version 12.00
# Visual Studio Version 17
VisualStudioVersion = 17.2.32408.312
MinimumVisualStudioVersion = 10.0.40219.1
Project("{FAE04EC0-301F-11D3-BF4B-00C04F79EFBC}") = "Teletext", "Teletext\Teletext.csproj", "{515D7C9D-7B69-4911-9D99-26908BE67242}"
EndProject
Global
	GlobalSection(SolutionConfigurationPlatforms) = preSolution
		Debug|Any CPU = Debug|Any CPU
		Release|Any CPU = Release|Any CPU
	EndGlobalSection
	GlobalSection(ProjectConfigurationPlatforms) = postSolution
		{515D7C9D-7B69-4911-9D99-26908BE67242}.Debug|Any CPU.ActiveCfg = Debug|Any CPU
		{515D7C9D-7B69-4911-9D99-26908BE67242}.Debug|Any CPU.Build.0 = Debug|Any CPU
		{515D7C9D-7B69-4911-9D99-26908BE67242}.Release|Any CPU.ActiveCfg = Release|Any CPU
		{515D7C9D-7B69-4911-9D99-26908BE67242}.Release|Any CPU.Build.0 = Release|Any CPU
	EndGlobalSection
	GlobalSection(SolutionProperties) = preSolution
		HideSolutionNode = FALSE
	EndGlobalSection
	GlobalSection(ExtensibilityGlobals) = postSolution
		SolutionGuid = {22290739-4E21-4797-8F49-C6BCC40FEC6E}
	EndGlobalSection
EndGlobal
